
Microsoft Visual Studio Solution File, Format Version 12.00
# Visual Studio 15
VisualStudioVersion = 15.0.28016.0
MinimumVisualStudioVersion = 10.0.40219.1
Project("{8BC9CEB8-8B4A-11D0-8D11-00A0C91BC942}") = "fusionlib", "fusionlib\fusionlib.vcxproj", "{5469880D-B4CC-4B74-B666-9BE41BB5C011}"
EndProject
Project("{8BC9CEB8-8B4A-11D0-8D11-00A0C91BC942}") = "basicsample1", "..\samples\basic\basicsample1\basicsample1.vcxproj", "{8677D6A6-5047-4683-ACCF-FF28A0FFD69D}"
	ProjectSection(ProjectDependencies) = postProject
		{5469880D-B4CC-4B74-B666-9BE41BB5C011} = {5469880D-B4CC-4B74-B666-9BE41BB5C011}
	EndProjectSection
EndProject
Global
	GlobalSection(SolutionConfigurationPlatforms) = preSolution
		Debug|x64 = Debug|x64
		Debug|x86 = Debug|x86
		Release|x64 = Release|x64
		Release|x86 = Release|x86
	EndGlobalSection
	GlobalSection(ProjectConfigurationPlatforms) = postSolution
		{5469880D-B4CC-4B74-B666-9BE41BB5C011}.Debug|x64.ActiveCfg = Debug|x64
		{5469880D-B4CC-4B74-B666-9BE41BB5C011}.Debug|x64.Build.0 = Debug|x64
		{5469880D-B4CC-4B74-B666-9BE41BB5C011}.Debug|x86.ActiveCfg = Debug|Win32
		{5469880D-B4CC-4B74-B666-9BE41BB5C011}.Debug|x86.Build.0 = Debug|Win32
		{5469880D-B4CC-4B74-B666-9BE41BB5C011}.Release|x64.ActiveCfg = Release|x64
		{5469880D-B4CC-4B74-B666-9BE41BB5C011}.Release|x64.Build.0 = Release|x64
		{5469880D-B4CC-4B74-B666-9BE41BB5C011}.Release|x86.ActiveCfg = Release|Win32
		{5469880D-B4CC-4B74-B666-9BE41BB5C011}.Release|x86.Build.0 = Release|Win32
		{8677D6A6-5047-4683-ACCF-FF28A0FFD69D}.Debug|x64.ActiveCfg = Debug|x64
		{8677D6A6-5047-4683-ACCF-FF28A0FFD69D}.Debug|x64.Build.0 = Debug|x64
		{8677D6A6-5047-4683-ACCF-FF28A0FFD69D}.Debug|x86.ActiveCfg = Debug|Win32
		{8677D6A6-5047-4683-ACCF-FF28A0FFD69D}.Debug|x86.Build.0 = Debug|Win32
		{8677D6A6-5047-4683-ACCF-FF28A0FFD69D}.Release|x64.ActiveCfg = Release|x64
		{8677D6A6-5047-4683-ACCF-FF28A0FFD69D}.Release|x64.Build.0 = Release|x64
		{8677D6A6-5047-4683-ACCF-FF28A0FFD69D}.Release|x86.ActiveCfg = Release|Win32
		{8677D6A6-5047-4683-ACCF-FF28A0FFD69D}.Release|x86.Build.0 = Release|Win32
	EndGlobalSection
	GlobalSection(SolutionProperties) = preSolution
		HideSolutionNode = FALSE
	EndGlobalSection
	GlobalSection(ExtensibilityGlobals) = postSolution
		SolutionGuid = {760FED69-BD04-454D-90CA-349EC492F17C}
	EndGlobalSection
EndGlobal
